{
  "name": "material-components-web",
  "version": "0.35.0",
  "lockfileVersion": 1,
  "requires": true,
  "dependencies": {
    "@material/animation": {
      "version": "0.34.0"
    },
    "@material/auto-init": {
      "version": "0.35.0"
    },
    "@material/base": {
      "version": "0.35.0"
    },
    "@material/button": {
      "version": "0.35.0",
      "requires": {
        "@material/elevation": "0.35.0",
        "@material/ripple": "0.35.0",
        "@material/rtl": "0.35.0",
        "@material/theme": "0.35.0",
        "@material/typography": "0.35.0"
      },
      "dependencies": {
        "@material/elevation": {
          "version": "0.35.0",
          "bundled": true,
          "requires": {
            "@material/animation": "0.34.0",
            "@material/theme": "0.4.0"
          },
          "dependencies": {
            "@material/animation": {
              "version": "0.34.0",
              "bundled": true
            },
            "@material/theme": {
              "version": "0.4.0",
              "bundled": true
            }
          }
        },
        "@material/ripple": {
          "version": "0.35.0",
          "bundled": true,
          "requires": {
            "@material/base": "0.35.0",
            "@material/theme": "0.35.0"
          },
          "dependencies": {
            "@material/base": {
              "version": "0.35.0",
              "bundled": true
            },
            "@material/theme": {
              "version": "0.35.0",
              "bundled": true
            }
          }
        },
        "@material/rtl": {
          "version": "0.35.0",
          "bundled": true
        },
        "@material/theme": {
          "version": "0.35.0",
          "bundled": true
        },
        "@material/typography": {
          "version": "0.35.0",
          "bundled": true
        }
      }
    },
    "@material/card": {
      "version": "0.35.0",
      "requires": {
        "@material/elevation": "0.35.0",
        "@material/ripple": "0.35.0",
        "@material/rtl": "0.35.0",
        "@material/theme": "0.35.0"
      },
      "dependencies": {
        "@material/elevation": {
          "version": "0.35.0",
          "bundled": true,
          "requires": {
            "@material/animation": "0.34.0",
            "@material/theme": "0.4.0"
          },
          "dependencies": {
            "@material/animation": {
              "version": "0.34.0",
              "bundled": true
            },
            "@material/theme": {
              "version": "0.4.0",
              "bundled": true
            }
          }
        },
        "@material/ripple": {
          "version": "0.35.0",
          "bundled": true,
          "requires": {
            "@material/base": "0.35.0",
            "@material/theme": "0.35.0"
          },
          "dependencies": {
            "@material/base": {
              "version": "0.35.0",
              "bundled": true
            },
            "@material/theme": {
              "version": "0.35.0",
              "bundled": true
            }
          }
        },
        "@material/rtl": {
          "version": "0.35.0",
          "bundled": true
        },
        "@material/theme": {
          "version": "0.35.0",
          "bundled": true
        },
        "@material/typography": {
          "bundled": true
        }
      }
    },
    "@material/checkbox": {
      "version": "0.35.0",
      "requires": {
        "@material/animation": "0.34.0",
        "@material/base": "0.35.0",
        "@material/ripple": "0.35.0",
        "@material/rtl": "0.35.0",
        "@material/selection-control": "0.35.0",
        "@material/theme": "0.35.0"
      },
      "dependencies": {
        "@material/animation": {
          "version": "0.34.0",
          "bundled": true
        },
        "@material/base": {
          "version": "0.35.0",
          "bundled": true
        },
        "@material/ripple": {
          "version": "0.35.0",
          "bundled": true,
          "requires": {
            "@material/base": "0.35.0",
            "@material/theme": "0.35.0"
          },
          "dependencies": {
            "@material/base": {
              "version": "0.35.0",
              "bundled": true
            },
            "@material/theme": {
              "version": "0.35.0",
              "bundled": true
            }
          }
        },
        "@material/rtl": {
          "version": "0.35.0",
          "bundled": true
        },
        "@material/selection-control": {
          "version": "0.35.0",
          "bundled": true,
          "requires": {
            "@material/ripple": "0.35.0"
          },
          "dependencies": {
            "@material/ripple": {
              "version": "0.35.0",
              "bundled": true,
              "requires": {
                "@material/base": "0.35.0",
                "@material/theme": "0.35.0"
              },
              "dependencies": {
                "@material/base": {
                  "version": "0.35.0",
                  "bundled": true
                },
                "@material/theme": {
                  "version": "0.35.0",
                  "bundled": true
                }
              }
            }
          }
        },
        "@material/theme": {
          "version": "0.35.0",
          "bundled": true
        },
        "@material/typography": {
          "version": "0.34.0",
          "bundled": true
        }
      }
    },
    "@material/chips": {
      "version": "0.35.0",
      "requires": {
        "@material/animation": "0.34.0",
        "@material/base": "0.35.0",
        "@material/checkbox": "0.35.0",
        "@material/ripple": "0.35.0",
        "@material/typography": "0.35.0"
      },
      "dependencies": {
        "@material/animation": {
          "version": "0.34.0",
          "bundled": true
        },
        "@material/base": {
          "version": "0.35.0",
          "bundled": true
        },
        "@material/checkbox": {
          "version": "0.35.0",
          "bundled": true,
          "requires": {
            "@material/animation": "0.34.0",
            "@material/base": "0.35.0",
            "@material/ripple": "0.35.0",
            "@material/rtl": "0.35.0",
            "@material/selection-control": "0.35.0",
            "@material/theme": "0.35.0"
          },
          "dependencies": {
            "@material/animation": {
              "version": "0.34.0",
              "bundled": true
            },
            "@material/base": {
              "version": "0.35.0",
              "bundled": true
            },
            "@material/ripple": {
              "version": "0.35.0",
              "bundled": true,
              "requires": {
                "@material/base": "0.35.0",
                "@material/theme": "0.35.0"
              },
              "dependencies": {}
            },
            "@material/rtl": {
              "version": "0.35.0",
              "bundled": true
            },
            "@material/selection-control": {
              "version": "0.35.0",
              "bundled": true,
              "requires": {
                "@material/ripple": "0.35.0"
              },
              "dependencies": {}
            },
            "@material/theme": {
              "version": "0.35.0",
              "bundled": true
            },
            "@material/typography": {
              "version": "0.34.0",
              "bundled": true
            }
          }
        },
        "@material/ripple": {
          "version": "0.35.0",
          "bundled": true,
          "requires": {
            "@material/base": "0.35.0",
            "@material/theme": "0.35.0"
          },
          "dependencies": {
            "@material/base": {
              "version": "0.35.0",
              "bundled": true
            },
            "@material/theme": {
              "version": "0.35.0",
              "bundled": true
            }
          }
        },
        "@material/typography": {
          "version": "0.35.0",
          "bundled": true
        }
      }
    },
    "@material/dialog": {
      "version": "0.35.0",
      "requires": {
        "@material/animation": "0.34.0",
        "@material/base": "0.35.0",
        "@material/elevation": "0.35.0",
        "@material/ripple": "0.35.0",
        "@material/rtl": "0.35.0",
        "@material/theme": "0.35.0",
        "@material/typography": "0.1.1",
        "focus-trap": "2.4.2"
      },
      "dependencies": {
        "@material/animation": {
          "version": "0.34.0",
          "bundled": true
        },
        "@material/base": {
          "version": "0.35.0",
          "bundled": true
        },
        "@material/elevation": {
          "version": "0.35.0",
          "bundled": true,
          "requires": {
            "@material/animation": "0.34.0",
            "@material/theme": "0.4.0"
          },
          "dependencies": {
            "@material/animation": {
              "version": "0.34.0",
              "bundled": true
            },
            "@material/theme": {
              "version": "0.4.0",
              "bundled": true
            }
          }
        },
        "@material/ripple": {
          "version": "0.35.0",
          "bundled": true,
          "requires": {
            "@material/base": "0.35.0",
            "@material/theme": "0.35.0"
          },
          "dependencies": {
            "@material/base": {
              "version": "0.35.0",
              "bundled": true
            },
            "@material/theme": {
              "version": "0.35.0",
              "bundled": true
            }
          }
        },
        "@material/rtl": {
          "version": "0.35.0",
          "bundled": true
        },
        "@material/theme": {
          "version": "0.35.0",
          "bundled": true
        },
        "@material/typography": {
          "version": "0.1.1",
          "bundled": true
        },
        "focus-trap": {
          "version": "2.4.2",
          "bundled": true,
          "requires": {
            "tabbable": "1.1.2"
          }
        },
        "tabbable": {
          "version": "1.1.2",
          "bundled": true
        }
      }
    },
    "@material/drawer": {
      "version": "0.35.0",
      "requires": {
        "@material/animation": "0.34.0",
        "@material/base": "0.35.0",
        "@material/elevation": "0.35.0",
        "@material/rtl": "0.35.0",
        "@material/theme": "0.35.0",
        "@material/typography": "0.35.0"
      },
      "dependencies": {
        "@material/animation": {
          "version": "0.34.0",
          "bundled": true
        },
        "@material/base": {
          "version": "0.35.0",
          "bundled": true
        },
        "@material/elevation": {
          "version": "0.35.0",
          "bundled": true,
          "requires": {
            "@material/animation": "0.34.0",
            "@material/theme": "0.4.0"
          },
          "dependencies": {
            "@material/animation": {
              "version": "0.34.0",
              "bundled": true
            },
            "@material/theme": {
              "version": "0.4.0",
              "bundled": true
            }
          }
        },
        "@material/rtl": {
          "version": "0.35.0",
          "bundled": true
        },
        "@material/theme": {
          "version": "0.35.0",
          "bundled": true
        },
        "@material/typography": {
          "version": "0.35.0",
          "bundled": true
        }
      }
    },
    "@material/elevation": {
      "version": "0.35.0",
      "requires": {
        "@material/animation": "0.34.0",
        "@material/theme": "0.4.0"
      },
      "dependencies": {
        "@material/animation": {
          "version": "0.34.0",
          "bundled": true
        },
        "@material/theme": {
          "version": "0.4.0",
          "bundled": true
        }
      }
    },
    "@material/fab": {
      "version": "0.35.0",
      "requires": {
        "@material/animation": "0.34.0",
        "@material/elevation": "0.35.0",
        "@material/ripple": "0.35.0",
        "@material/theme": "0.35.0"
      },
      "dependencies": {
        "@material/animation": {
          "version": "0.34.0",
          "bundled": true
        },
        "@material/elevation": {
          "version": "0.35.0",
          "bundled": true,
          "requires": {
            "@material/animation": "0.34.0",
            "@material/theme": "0.4.0"
          },
          "dependencies": {
            "@material/animation": {
              "version": "0.34.0",
              "bundled": true
            },
            "@material/theme": {
              "version": "0.4.0",
              "bundled": true
            }
          }
        },
        "@material/ripple": {
          "version": "0.35.0",
          "bundled": true,
          "requires": {
            "@material/base": "0.35.0",
            "@material/theme": "0.35.0"
          },
          "dependencies": {
            "@material/base": {
              "version": "0.35.0",
              "bundled": true
            },
            "@material/theme": {
              "version": "0.35.0",
              "bundled": true
            }
          }
        },
        "@material/theme": {
          "version": "0.35.0",
          "bundled": true
        }
      }
    },
    "@material/floating-label": {
      "version": "0.35.0",
      "requires": {
        "@material/base": "0.35.0",
        "@material/rtl": "0.35.0",
        "@material/theme": "0.35.0",
        "@material/typography": "0.35.0"
      },
      "dependencies": {
        "@material/base": {
          "version": "0.35.0",
          "bundled": true
        },
        "@material/rtl": {
          "version": "0.35.0",
          "bundled": true
        },
        "@material/theme": {
          "version": "0.35.0",
          "bundled": true
        },
        "@material/typography": {
          "version": "0.35.0",
          "bundled": true
        }
      }
    },
    "@material/form-field": {
      "version": "0.35.0",
      "requires": {
        "@material/base": "0.35.0",
        "@material/rtl": "0.35.0",
        "@material/selection-control": "0.35.0",
        "@material/theme": "0.35.0",
        "@material/typography": "0.35.0"
      },
      "dependencies": {
        "@material/base": {
          "version": "0.35.0",
          "bundled": true
        },
        "@material/rtl": {
          "version": "0.35.0",
          "bundled": true
        },
        "@material/selection-control": {
          "version": "0.35.0",
          "bundled": true,
          "requires": {
            "@material/ripple": "0.35.0"
          },
          "dependencies": {
            "@material/ripple": {
              "version": "0.35.0",
              "bundled": true,
              "requires": {
                "@material/base": "0.35.0",
                "@material/theme": "0.35.0"
              },
              "dependencies": {}
            }
          }
        },
        "@material/theme": {
          "version": "0.35.0",
          "bundled": true
        },
        "@material/typography": {
          "version": "0.35.0",
          "bundled": true
        }
      }
    },
    "@material/grid-list": {
      "version": "0.35.0",
      "requires": {
        "@material/base": "0.35.0",
        "@material/rtl": "0.35.0",
        "@material/theme": "0.35.0",
        "@material/typography": "0.35.0"
      },
      "dependencies": {
        "@material/base": {
          "version": "0.35.0",
          "bundled": true
        },
        "@material/rtl": {
          "version": "0.35.0",
          "bundled": true
        },
        "@material/theme": {
          "version": "0.35.0",
          "bundled": true
        },
        "@material/typography": {
          "version": "0.35.0",
          "bundled": true
        }
      }
    },
    "@material/icon-toggle": {
      "version": "0.35.0",
      "requires": {
        "@material/animation": "0.34.0",
        "@material/base": "0.35.0",
        "@material/ripple": "0.35.0",
        "@material/theme": "0.35.0"
      },
      "dependencies": {
        "@material/animation": {
          "version": "0.34.0",
          "bundled": true
        },
        "@material/base": {
          "version": "0.35.0",
          "bundled": true
        },
        "@material/ripple": {
          "version": "0.35.0",
          "bundled": true,
          "requires": {
            "@material/base": "0.35.0",
            "@material/theme": "0.35.0"
          },
          "dependencies": {
            "@material/base": {
              "version": "0.35.0",
              "bundled": true
            },
            "@material/theme": {
              "version": "0.35.0",
              "bundled": true
            }
          }
        },
        "@material/theme": {
          "version": "0.35.0",
          "bundled": true
        }
      }
    },
    "@material/image-list": {
      "version": "0.35.0",
      "requires": {
        "@material/theme": "0.35.0",
        "@material/typography": "0.35.0"
      },
      "dependencies": {
        "@material/theme": {
          "version": "0.35.0",
          "bundled": true
        },
        "@material/typography": {
          "version": "0.35.0",
          "bundled": true
        }
      }
    },
    "@material/layout-grid": {
      "version": "0.34.0"
    },
    "@material/line-ripple": {
      "version": "0.35.0",
      "requires": {
        "@material/animation": "0.34.0",
        "@material/base": "0.35.0",
        "@material/theme": "0.35.0"
      },
      "dependencies": {
        "@material/animation": {
          "version": "0.34.0",
          "bundled": true
        },
        "@material/base": {
          "version": "0.35.0",
          "bundled": true
        },
        "@material/theme": {
          "version": "0.35.0",
          "bundled": true
        }
      }
    },
    "@material/linear-progress": {
      "version": "0.35.0",
      "requires": {
        "@material/animation": "0.34.0",
        "@material/base": "0.35.0",
        "@material/theme": "0.35.0"
      },
      "dependencies": {
        "@material/animation": {
          "version": "0.34.0",
          "bundled": true
        },
        "@material/base": {
          "version": "0.35.0",
          "bundled": true
        },
        "@material/theme": {
          "version": "0.35.0",
          "bundled": true
        }
      }
    },
    "@material/list": {
      "version": "0.35.0",
      "requires": {
        "@material/ripple": "0.35.0",
        "@material/rtl": "0.35.0",
        "@material/theme": "0.35.0",
        "@material/typography": "0.35.0"
      },
      "dependencies": {
        "@material/ripple": {
          "version": "0.35.0",
          "bundled": true,
          "requires": {
            "@material/base": "0.35.0",
            "@material/theme": "0.35.0"
          },
          "dependencies": {
            "@material/base": {
              "version": "0.35.0",
              "bundled": true
            },
            "@material/theme": {
              "version": "0.35.0",
              "bundled": true
            }
          }
        },
        "@material/rtl": {
          "version": "0.35.0",
          "bundled": true
        },
        "@material/theme": {
          "version": "0.35.0",
          "bundled": true
        },
        "@material/typography": {
          "version": "0.35.0",
          "bundled": true
        }
      }
    },
    "@material/menu": {
      "version": "0.35.0",
      "requires": {
        "@material/animation": "0.34.0",
        "@material/base": "0.35.0",
        "@material/elevation": "0.35.0",
        "@material/theme": "0.35.0",
        "@material/typography": "0.35.0"
      },
      "dependencies": {
        "@material/animation": {
          "version": "0.34.0",
          "bundled": true
        },
        "@material/base": {
          "version": "0.35.0",
          "bundled": true
        },
        "@material/elevation": {
          "version": "0.35.0",
          "bundled": true,
          "requires": {
            "@material/animation": "0.34.0",
            "@material/theme": "0.4.0"
          },
          "dependencies": {
            "@material/animation": {
              "version": "0.34.0",
              "bundled": true
            },
            "@material/theme": {
              "version": "0.4.0",
              "bundled": true
            }
          }
        },
        "@material/theme": {
          "version": "0.35.0",
          "bundled": true
        },
        "@material/typography": {
          "version": "0.35.0",
          "bundled": true
        }
      }
    },
    "@material/notched-outline": {
      "version": "0.35.0",
      "requires": {
        "@material/animation": "0.34.0",
        "@material/base": "0.35.0",
        "@material/theme": "0.35.0"
      },
      "dependencies": {
        "@material/animation": {
          "version": "0.34.0",
          "bundled": true
        },
        "@material/base": {
          "version": "0.35.0",
          "bundled": true
        },
        "@material/theme": {
          "version": "0.35.0",
          "bundled": true
        }
      }
    },
    "@material/radio": {
      "version": "0.35.0",
      "requires": {
        "@material/animation": "0.34.0",
        "@material/base": "0.35.0",
        "@material/ripple": "0.35.0",
        "@material/selection-control": "0.35.0",
        "@material/theme": "0.35.0"
      },
      "dependencies": {
        "@material/animation": {
          "version": "0.34.0",
          "bundled": true
        },
        "@material/base": {
          "version": "0.35.0",
          "bundled": true
        },
        "@material/ripple": {
          "version": "0.35.0",
          "bundled": true,
          "requires": {
            "@material/base": "0.35.0",
            "@material/theme": "0.35.0"
          },
          "dependencies": {
            "@material/base": {
              "version": "0.35.0",
              "bundled": true
            },
            "@material/theme": {
              "version": "0.35.0",
              "bundled": true
            }
          }
        },
        "@material/selection-control": {
          "version": "0.35.0",
          "bundled": true,
          "requires": {
            "@material/ripple": "0.35.0"
          },
          "dependencies": {
            "@material/ripple": {
              "version": "0.35.0",
              "bundled": true,
              "requires": {
                "@material/base": "0.35.0",
                "@material/theme": "0.35.0"
              },
              "dependencies": {}
            }
          }
        },
        "@material/theme": {
          "version": "0.35.0",
          "bundled": true
        }
      }
    },
    "@material/ripple": {
      "version": "0.35.0",
      "requires": {
        "@material/base": "0.35.0",
        "@material/theme": "0.35.0"
      },
      "dependencies": {
        "@material/base": {
          "version": "0.35.0",
          "bundled": true
        },
        "@material/theme": {
          "version": "0.35.0",
          "bundled": true
        }
      }
    },
    "@material/rtl": {
      "version": "0.35.0"
    },
    "@material/select": {
      "version": "0.35.0",
      "requires": {
        "@material/animation": "0.34.0",
        "@material/base": "0.35.0",
        "@material/floating-label": "0.35.0",
        "@material/line-ripple": "0.35.0",
        "@material/ripple": "0.35.0",
        "@material/rtl": "0.35.0",
        "@material/theme": "0.35.0",
        "@material/typography": "0.35.0"
      },
      "dependencies": {
        "@material/animation": {
          "version": "0.34.0",
          "bundled": true
        },
        "@material/base": {
          "version": "0.35.0",
          "bundled": true
        },
        "@material/floating-label": {
          "version": "0.35.0",
          "bundled": true,
          "requires": {
            "@material/base": "0.35.0",
            "@material/rtl": "0.35.0",
            "@material/theme": "0.35.0",
            "@material/typography": "0.35.0"
          },
          "dependencies": {
            "@material/base": {
              "version": "0.35.0",
              "bundled": true
            },
            "@material/rtl": {
              "version": "0.35.0",
              "bundled": true
            },
            "@material/theme": {
              "version": "0.35.0",
              "bundled": true
            },
            "@material/typography": {
              "version": "0.35.0",
              "bundled": true
            }
          }
        },
        "@material/line-ripple": {
          "version": "0.35.0",
          "bundled": true,
          "requires": {
            "@material/animation": "0.34.0",
            "@material/base": "0.35.0",
            "@material/theme": "0.35.0"
          },
          "dependencies": {
            "@material/animation": {
              "version": "0.34.0",
              "bundled": true
            },
            "@material/base": {
              "version": "0.35.0",
              "bundled": true
            },
            "@material/theme": {
              "version": "0.35.0",
              "bundled": true
            }
          }
        },
        "@material/notched-outline": {
          "bundled": true,
          "requires": {
            "@material/animation": "0.34.0",
            "@material/base": "0.35.0",
            "@material/theme": "0.35.0"
          },
          "dependencies": {
            "@material/animation": {
              "version": "0.34.0",
              "bundled": true
            },
            "@material/base": {
              "version": "0.35.0",
              "bundled": true
            },
            "@material/theme": {
              "version": "0.35.0",
              "bundled": true
            }
          }
        },
        "@material/ripple": {
          "version": "0.35.0",
          "bundled": true,
          "requires": {
            "@material/base": "0.35.0",
            "@material/theme": "0.35.0"
          },
          "dependencies": {
            "@material/base": {
              "version": "0.35.0",
              "bundled": true
            },
            "@material/theme": {
              "version": "0.35.0",
              "bundled": true
            }
          }
        },
        "@material/rtl": {
          "version": "0.35.0",
          "bundled": true
        },
        "@material/theme": {
          "version": "0.35.0",
          "bundled": true
        },
        "@material/typography": {
          "version": "0.35.0",
          "bundled": true
        }
      }
    },
    "@material/selection-control": {
      "version": "0.35.0",
      "requires": {
        "@material/ripple": "0.35.0"
      },
      "dependencies": {
        "@material/ripple": {
          "version": "0.35.0",
          "bundled": true,
          "requires": {
            "@material/base": "0.35.0",
            "@material/theme": "0.35.0"
          },
          "dependencies": {}
        }
      }
    },
    "@material/shape": {
      "version": "0.35.0"
    },
    "@material/slider": {
      "version": "0.35.0",
      "requires": {
        "@material/animation": "0.34.0",
        "@material/base": "0.35.0",
        "@material/rtl": "0.35.0",
        "@material/theme": "0.35.0"
      },
      "dependencies": {
        "@material/animation": {
          "version": "0.34.0",
          "bundled": true
        },
        "@material/base": {
          "version": "0.35.0",
          "bundled": true
        },
        "@material/rtl": {
          "version": "0.35.0",
          "bundled": true
        },
        "@material/theme": {
          "version": "0.35.0",
          "bundled": true
        }
      }
    },
    "@material/snackbar": {
      "version": "0.35.0",
      "requires": {
        "@material/animation": "0.34.0",
        "@material/base": "0.35.0",
        "@material/rtl": "0.35.0",
        "@material/theme": "0.35.0",
        "@material/typography": "0.35.0"
      },
      "dependencies": {
        "@material/animation": {
          "version": "0.34.0",
          "bundled": true
        },
        "@material/base": {
          "version": "0.35.0",
          "bundled": true
        },
        "@material/rtl": {
          "version": "0.35.0",
          "bundled": true
        },
        "@material/theme": {
          "version": "0.35.0",
          "bundled": true
        },
        "@material/typography": {
          "version": "0.35.0",
          "bundled": true
        }
      }
    },
    "@material/switch": {
      "version": "0.35.0",
      "requires": {
        "@material/animation": "0.34.0",
        "@material/elevation": "0.35.0",
        "@material/theme": "0.35.0"
      },
      "dependencies": {
        "@material/animation": {
          "version": "0.34.0",
          "bundled": true
        },
        "@material/elevation": {
          "version": "0.35.0",
          "bundled": true,
          "requires": {
            "@material/animation": "0.34.0",
            "@material/theme": "0.4.0"
          },
          "dependencies": {
            "@material/animation": {
              "version": "0.34.0",
              "bundled": true
            },
            "@material/theme": {
              "version": "0.4.0",
              "bundled": true
            }
          }
        },
        "@material/theme": {
          "version": "0.35.0",
          "bundled": true
        }
      }
    },
    "@material/tabs": {
      "version": "0.35.0",
      "requires": {
        "@material/animation": "0.34.0",
        "@material/base": "0.35.0",
        "@material/ripple": "0.35.0",
        "@material/rtl": "0.35.0",
        "@material/theme": "0.35.0",
        "@material/typography": "0.35.0"
      },
      "dependencies": {
        "@material/animation": {
          "version": "0.34.0",
          "bundled": true
        },
        "@material/base": {
          "version": "0.35.0",
          "bundled": true
        },
        "@material/ripple": {
          "version": "0.35.0",
          "bundled": true,
          "requires": {
            "@material/base": "0.35.0",
            "@material/theme": "0.35.0"
          },
          "dependencies": {
            "@material/base": {
              "version": "0.35.0",
              "bundled": true
            },
            "@material/theme": {
              "version": "0.35.0",
              "bundled": true
            }
          }
        },
        "@material/rtl": {
          "version": "0.35.0",
          "bundled": true
        },
        "@material/theme": {
          "version": "0.35.0",
          "bundled": true
        },
        "@material/typography": {
          "version": "0.35.0",
          "bundled": true
        }
      }
    },
    "@material/textfield": {
      "version": "0.35.0",
      "requires": {
        "@material/animation": "0.34.0",
        "@material/base": "0.35.0",
        "@material/floating-label": "0.35.0",
        "@material/line-ripple": "0.35.0",
        "@material/notched-outline": "0.35.0",
        "@material/ripple": "0.35.0",
        "@material/rtl": "0.35.0",
        "@material/theme": "0.35.0",
        "@material/typography": "0.35.0"
      },
      "dependencies": {
        "@material/animation": {
          "version": "0.34.0",
          "bundled": true
        },
        "@material/base": {
          "version": "0.35.0",
          "bundled": true
        },
        "@material/bottom-line": {
          "bundled": true
        },
        "@material/floating-label": {
          "version": "0.35.0",
          "bundled": true,
          "requires": {
            "@material/base": "0.35.0",
            "@material/rtl": "0.35.0",
            "@material/theme": "0.35.0",
            "@material/typography": "0.35.0"
          },
          "dependencies": {
            "@material/base": {
              "version": "0.35.0",
              "bundled": true
            },
            "@material/rtl": {
              "version": "0.35.0",
              "bundled": true
            },
            "@material/theme": {
              "version": "0.35.0",
              "bundled": true
            },
            "@material/typography": {
              "version": "0.35.0",
              "bundled": true
            }
          }
        },
        "@material/line-ripple": {
          "version": "0.35.0",
          "bundled": true,
          "requires": {
            "@material/animation": "0.34.0",
            "@material/base": "0.35.0",
            "@material/theme": "0.35.0"
          },
          "dependencies": {
            "@material/animation": {
              "version": "0.34.0",
              "bundled": true
            },
            "@material/base": {
              "version": "0.35.0",
              "bundled": true
            },
            "@material/theme": {
              "version": "0.35.0",
              "bundled": true
            }
          }
        },
        "@material/notched-outline": {
          "version": "0.35.0",
          "bundled": true,
          "requires": {
            "@material/animation": "0.34.0",
            "@material/base": "0.35.0",
            "@material/theme": "0.35.0"
          },
          "dependencies": {
            "@material/animation": {
              "version": "0.34.0",
              "bundled": true
            },
            "@material/base": {
              "version": "0.35.0",
              "bundled": true
            },
            "@material/theme": {
              "version": "0.35.0",
              "bundled": true
            }
          }
        },
        "@material/ripple": {
          "version": "0.35.0",
          "bundled": true,
          "requires": {
            "@material/base": "0.35.0",
            "@material/theme": "0.35.0"
          },
          "dependencies": {
            "@material/base": {
              "version": "0.35.0",
              "bundled": true
            },
            "@material/theme": {
              "version": "0.35.0",
              "bundled": true
            }
          }
        },
        "@material/rtl": {
          "version": "0.35.0",
          "bundled": true
        },
        "@material/theme": {
          "version": "0.35.0",
          "bundled": true
        },
        "@material/typography": {
          "version": "0.35.0",
          "bundled": true
        }
      }
    },
    "@material/theme": {
      "version": "0.35.0"
    },
    "@material/toolbar": {
      "version": "0.35.0",
      "requires": {
        "@material/base": "0.35.0",
        "@material/elevation": "0.35.0",
        "@material/ripple": "0.35.0",
        "@material/rtl": "0.35.0",
        "@material/theme": "0.35.0",
        "@material/typography": "0.35.0"
      },
      "dependencies": {
        "@material/base": {
          "version": "0.35.0",
          "bundled": true
        },
        "@material/elevation": {
          "version": "0.35.0",
          "bundled": true,
          "requires": {
            "@material/animation": "0.34.0",
            "@material/theme": "0.4.0"
          },
          "dependencies": {
            "@material/animation": {
              "version": "0.34.0",
              "bundled": true
            },
            "@material/theme": {
              "version": "0.4.0",
              "bundled": true
            }
          }
        },
        "@material/ripple": {
          "version": "0.35.0",
          "bundled": true,
          "requires": {
            "@material/base": "0.35.0",
            "@material/theme": "0.35.0"
          },
          "dependencies": {
            "@material/base": {
              "version": "0.35.0",
              "bundled": true
            },
            "@material/theme": {
              "version": "0.35.0",
              "bundled": true
            }
          }
        },
        "@material/rtl": {
          "version": "0.35.0",
          "bundled": true
        },
        "@material/theme": {
          "version": "0.35.0",
          "bundled": true
        },
        "@material/typography": {
          "version": "0.35.0",
          "bundled": true
        }
      }
    },
    "@material/top-app-bar": {
      "version": "0.35.0",
      "requires": {
        "@material/animation": "0.34.0",
        "@material/base": "0.35.0",
        "@material/elevation": "0.35.0",
        "@material/ripple": "0.35.0",
        "@material/rtl": "0.35.0",
        "@material/theme": "0.35.0",
        "@material/typography": "0.35.0"
      },
      "dependencies": {
        "@material/animation": {
          "version": "0.34.0",
          "bundled": true
        },
        "@material/base": {
          "version": "0.35.0",
          "bundled": true
        },
        "@material/elevation": {
          "version": "0.35.0",
          "bundled": true,
          "requires": {
            "@material/animation": "0.34.0",
            "@material/theme": "0.4.0"
          },
          "dependencies": {
            "@material/animation": {
              "version": "0.34.0",
              "bundled": true
            },
            "@material/theme": {
              "version": "0.4.0",
              "bundled": true
            }
          }
        },
        "@material/icon-button": {
          "bundled": true,
          "dependencies": {
            "@material/ripple": {
              "bundled": true,
              "requires": {
                "@material/base": "0.35.0",
                "@material/theme": "0.35.0"
              },
              "dependencies": {
                "@material/base": {
                  "version": "0.35.0",
                  "bundled": true
                },
                "@material/theme": {
                  "version": "0.35.0",
                  "bundled": true
                }
              }
            },
            "@material/theme": {
              "bundled": true
            },
            "@material/typography": {
              "bundled": true
            }
          }
        },
        "@material/ripple": {
          "version": "0.35.0",
          "bundled": true,
          "requires": {
            "@material/base": "0.35.0",
            "@material/theme": "0.35.0"
          },
          "dependencies": {
            "@material/base": {
              "version": "0.35.0",
              "bundled": true
            },
            "@material/theme": {
              "version": "0.35.0",
              "bundled": true
            }
          }
        },
        "@material/rtl": {
          "version": "0.35.0",
          "bundled": true
        },
        "@material/theme": {
          "version": "0.35.0",
          "bundled": true
        },
        "@material/typography": {
          "version": "0.35.0",
          "bundled": true
        }
      }
    },
    "@material/typography": {
      "version": "0.35.0"
    }
  }
}
