{
	"requires": true,
	"lockfileVersion": 1,
	"dependencies": {
		"@material/shape": {
			"version": "0.40.1",
			"resolved": "https://registry.npmjs.org/@material/shape/-/shape-0.40.1.tgz",
			"integrity": "sha512-o1pw5+s/jWqsKbUAkCCaEcB8XLqJ4FlZhYfSvxZ88WRw9zoWOt9iQMMP82wLWhUX1DSzpNRI8BAD7aNLK6yRlA=="
		}
	}
}
