{
	"requires": true,
	"lockfileVersion": 1,
	"dependencies": {
		"@material/animation": {
			"version": "1.0.0",
			"requires": {
				"tslib": "^1.9.3"
			},
			"dependencies": {
				"tslib": {
					"version": "1.9.3",
					"bundled": true
				}
			}
		},
		"@material/base": {
			"version": "1.0.0",
			"requires": {
				"tslib": "^1.9.3"
			},
			"dependencies": {
				"tslib": {
					"version": "1.9.3",
					"bundled": true
				}
			}
		},
		"@material/checkbox": {
			"version": "1.1.0",
			"resolved": "https://registry.npmjs.org/@material/checkbox/-/checkbox-1.1.0.tgz",
			"integrity": "sha512-jCrkG8VkN63uH+YRhu7RWIsrYGw2Gu89OEPe+sqGYWsr+BbOuzBBqxrM09rUkXykCyi8gAbxpWZPVGCmcDHtJQ==",
			"requires": {
				"@material/animation": "^1.0.0",
				"@material/base": "^1.0.0",
				"@material/dom": "^1.1.0",
				"@material/feature-targeting": "^0.44.1",
				"@material/ripple": "^1.1.0",
				"@material/rtl": "^0.42.0",
				"@material/theme": "^1.1.0",
				"tslib": "^1.9.3"
			}
		},
		"@material/dom": {
			"version": "1.1.0",
			"requires": {
				"tslib": "^1.9.3"
			},
			"dependencies": {
				"tslib": {
					"version": "1.9.3",
					"bundled": true
				}
			}
		},
		"@material/feature-targeting": {
			"version": "0.44.1"
		},
		"@material/ripple": {
			"version": "1.1.0",
			"resolved": "https://registry.npmjs.org/@material/ripple/-/ripple-1.1.0.tgz",
			"integrity": "sha512-mkfDBZAmxjpRG7V9TrfOmLxt1g/wvGHCXtYPgvH7W8ozjf53edqxLOFENEdvHbie27y9nyixzXn0gzU0HnxSeA==",
			"requires": {
				"@material/animation": "^1.0.0",
				"@material/base": "^1.0.0",
				"@material/dom": "^1.1.0",
				"@material/feature-targeting": "^0.44.1",
				"@material/theme": "^1.1.0",
				"tslib": "^1.9.3"
			}
		},
		"@material/rtl": {
			"version": "0.42.0"
		},
		"@material/theme": {
			"version": "1.1.0",
			"requires": {
				"@material/feature-targeting": "^0.44.1"
			},
			"dependencies": {
				"@material/feature-targeting": {
					"version": "0.44.1",
					"bundled": true
				}
			}
		},
		"tslib": {
			"version": "1.9.3",
			"resolved": "https://registry.npmjs.org/tslib/-/tslib-1.9.3.tgz",
			"integrity": "sha512-4krF8scpejhaOgqzBEcGM7yDIEfi0/8+8zDRZhNZZ2kjmHJ4hv3zCbQWxoJGz1iw5U0Jl0nma13xzHXcncMavQ=="
		}
	}
}
