{
  "requires": true,
  "lockfileVersion": 1,
  "dependencies": {
    "@material/feature-targeting": {
      "version": "3.1.0",
      "resolved": "https://registry.npmjs.org/@material/feature-targeting/-/feature-targeting-3.1.0.tgz",
      "integrity": "sha512-aXAa1Pv6w32URacE9LfMsl9zI6hFwx1K0Lp3Xpyf4rAkmaAB6z0gOkhicOrVFc0f64YheJgHjE7hJFieVenQdw=="
    },
    "@material/theme": {
      "version": "3.1.0",
      "resolved": "https://registry.npmjs.org/@material/theme/-/theme-3.1.0.tgz",
      "integrity": "sha512-N4JX+akOwg1faAvFvIEhDcwW4cZfUpwEn8lct6Vs3WczjLF6/KdIoLVaYh+eVl1bzfsoIuWvx56j0B1PjXZw9g==",
      "requires": {
        "@material/feature-targeting": "^3.1.0"
      }
    },
    "tslib": {
      "version": "1.10.0",
      "resolved": "https://registry.npmjs.org/tslib/-/tslib-1.10.0.tgz",
      "integrity": "sha512-qOebF53frne81cf0S9B41ByenJ3/IuH8yJKngAX35CmiZySA0khhkovshKK+jGCaMnVomla7gVlIcc3EvKPbTQ=="
    }
  }
}
