{
  "name": "@material/chips",
  "version": "0.29.0",
  "lockfileVersion": 1,
  "requires": true,
  "dependencies": {
    "@material/base": {
      "version": "0.24.0",
      "resolved": "https://registry.npmjs.org/@material/base/-/base-0.24.0.tgz",
      "integrity": "sha512-RG1SbHl6M8a0fdrMAoMm7Fc8jkuj3HhZd0f8Dy5kfUtQk3I7PyzD+MLCrmCHgUAlKbcK2J9VxJWpd4isZr3x9w=="
    },
    "@material/ripple": {
      "version": "0.27.0",
      "resolved": "https://registry.npmjs.org/@material/ripple/-/ripple-0.27.0.tgz",
      "integrity": "sha512-RhN6B7+r+m+YY+T0HjBGabs1DmCXkR9n/TJPKO4DvFJ7Cck03/sjMtdg7WSqIemP+9xDv6u8lhUMaW9d3Fu2Pw==",
      "requires": {
        "@material/base": "0.24.0",
        "@material/theme": "0.27.0"
      }
    },
    "@material/rtl": {
      "version": "0.1.8",
      "resolved": "https://registry.npmjs.org/@material/rtl/-/rtl-0.1.8.tgz",
      "integrity": "sha512-NzBobwxvhJg+dch99pVO+Z9HL1DM+esuIy5WYXgM7trfOVh8n9DkVo5vD/NKnDy6F5wCaRnJOI5T19Tev6c9Zw=="
    },
    "@material/theme": {
      "version": "0.27.0",
      "resolved": "https://registry.npmjs.org/@material/theme/-/theme-0.27.0.tgz",
      "integrity": "sha512-H41/AgCfuCN6jziasTiuNnRtASUBAUOwWAVyWHrcUBSyoUgYMsVpalrMk3goVDMiVPVrxL+yjg8uE6t0zemmbw=="
    },
    "@material/typography": {
      "version": "0.3.0",
      "resolved": "https://registry.npmjs.org/@material/typography/-/typography-0.3.0.tgz",
      "integrity": "sha1-+CjC0yFb/WbFgHJwm0JgxkElOQo="
    }
  }
}
