{
	"name": "@material/drawer",
	"version": "0.39.0-0",
	"lockfileVersion": 1,
	"requires": true,
	"dependencies": {
		"@material/animation": {
			"version": "0.34.0",
			"resolved": "https://registry.npmjs.org/@material/animation/-/animation-0.34.0.tgz",
			"integrity": "sha512-HKWU+pHda+xSIV0lwrTMOb/N005NIAV7+tvEEjTiLrQx74eO6J9nIjfCpZ0W4D8Kb9K90lgHFo0ZRC6yDTjizQ=="
		},
		"@material/base": {
			"version": "0.35.0",
			"resolved": "https://registry.npmjs.org/@material/base/-/base-0.35.0.tgz",
			"integrity": "sha512-PYuluVzcH8hxtionVvpTSygTENlgyOHvJ5ka7JfbCRQfXlxjV8zKYwhh9u/1HqA6y1OonG1oGFCaBHopbdsNEQ=="
		},
		"@material/elevation": {
			"version": "0.38.0",
			"resolved": "https://registry.npmjs.org/@material/elevation/-/elevation-0.38.0.tgz",
			"integrity": "sha512-uceP/4qL6U1cyY4mc/CHF6msceQwICAt2LD+hTAEKFTTFSLNsvZxqB+Oa7Yq7O5Wl9iBt2RAHtCiT5R/ACUa2Q==",
			"requires": {
				"@material/animation": "^0.34.0",
				"@material/theme": "^0.38.0"
			}
		},
		"@material/list": {
			"version": "0.38.1",
			"resolved": "https://registry.npmjs.org/@material/list/-/list-0.38.1.tgz",
			"integrity": "sha512-by19/KoEqAESGLTC8FuiClsHz7SUUCk9u7vWaQ23NSznMfabG/kBpf82WZfgJcUvCodNQyNSmFuxVkFttd6crg==",
			"requires": {
				"@material/base": "^0.35.0",
				"@material/ripple": "^0.38.1",
				"@material/rtl": "^0.36.0",
				"@material/theme": "^0.38.0",
				"@material/typography": "^0.38.0"
			},
			"dependencies": {
				"@material/base": {
					"version": "0.35.0",
					"resolved": "https://registry.npmjs.org/@material/base/-/base-0.35.0.tgz",
					"integrity": "sha512-PYuluVzcH8hxtionVvpTSygTENlgyOHvJ5ka7JfbCRQfXlxjV8zKYwhh9u/1HqA6y1OonG1oGFCaBHopbdsNEQ=="
				},
				"@material/rtl": {
					"version": "0.36.0",
					"resolved": "https://registry.npmjs.org/@material/rtl/-/rtl-0.36.0.tgz",
					"integrity": "sha512-uCMwWGdKG0ooYh1kVINz7vTgSY++9wnvU3kOqjRdfOY+PZHWSa/X/EqRdE9Q1pUFwYlQeU2PXE/Z2dTK/nlziw=="
				},
				"@material/theme": {
					"version": "0.38.0",
					"resolved": "https://registry.npmjs.org/@material/theme/-/theme-0.38.0.tgz",
					"integrity": "sha512-mP5+qgICPm/0dD3hKa/hMd8AHerkAaLJgEsvBwTXi+N/kpPo9LIrHg40DvUGPs5w6KD9PUuskb3WGBvYcToHvA=="
				},
				"@material/typography": {
					"version": "0.38.0",
					"resolved": "https://registry.npmjs.org/@material/typography/-/typography-0.38.0.tgz",
					"integrity": "sha512-g2wigBZXSXwrZtibt6sbPO1eM2IROdo9Jk7ffGIb7GuYGLD92hWWzxusaOg4W/rcsBkWMdfquydRL3Q4HFnS2g=="
				}
			}
		},
		"@material/ripple": {
			"version": "0.38.1",
			"resolved": "https://registry.npmjs.org/@material/ripple/-/ripple-0.38.1.tgz",
			"integrity": "sha512-Y7fmJCEJMfJFkyDCEHkBR66tHqy4JAlG49rk0cI0/xdAFmAKyqUcpJiVwhF+pC8Fad90Wi3G93xu/ig7dvz1bA==",
			"requires": {
				"@material/animation": "^0.34.0",
				"@material/base": "^0.35.0",
				"@material/theme": "^0.38.0"
			},
			"dependencies": {
				"@material/animation": {
					"version": "0.34.0",
					"resolved": "https://registry.npmjs.org/@material/animation/-/animation-0.34.0.tgz",
					"integrity": "sha512-HKWU+pHda+xSIV0lwrTMOb/N005NIAV7+tvEEjTiLrQx74eO6J9nIjfCpZ0W4D8Kb9K90lgHFo0ZRC6yDTjizQ=="
				},
				"@material/base": {
					"version": "0.35.0",
					"resolved": "https://registry.npmjs.org/@material/base/-/base-0.35.0.tgz",
					"integrity": "sha512-PYuluVzcH8hxtionVvpTSygTENlgyOHvJ5ka7JfbCRQfXlxjV8zKYwhh9u/1HqA6y1OonG1oGFCaBHopbdsNEQ=="
				},
				"@material/theme": {
					"version": "0.38.0",
					"resolved": "https://registry.npmjs.org/@material/theme/-/theme-0.38.0.tgz",
					"integrity": "sha512-mP5+qgICPm/0dD3hKa/hMd8AHerkAaLJgEsvBwTXi+N/kpPo9LIrHg40DvUGPs5w6KD9PUuskb3WGBvYcToHvA=="
				}
			}
		},
		"@material/rtl": {
			"version": "0.36.0",
			"resolved": "https://registry.npmjs.org/@material/rtl/-/rtl-0.36.0.tgz",
			"integrity": "sha512-uCMwWGdKG0ooYh1kVINz7vTgSY++9wnvU3kOqjRdfOY+PZHWSa/X/EqRdE9Q1pUFwYlQeU2PXE/Z2dTK/nlziw=="
		},
		"@material/theme": {
			"version": "0.38.0",
			"resolved": "https://registry.npmjs.org/@material/theme/-/theme-0.38.0.tgz",
			"integrity": "sha512-mP5+qgICPm/0dD3hKa/hMd8AHerkAaLJgEsvBwTXi+N/kpPo9LIrHg40DvUGPs5w6KD9PUuskb3WGBvYcToHvA=="
		},
		"@material/typography": {
			"version": "0.39.0-0",
			"resolved": "https://registry.npmjs.org/@material/typography/-/typography-0.39.0-0.tgz",
			"integrity": "sha512-fU9YsB+nDYeufIaXy7kw1vQqxOpJ4rPz9xONCTuqQAWw0+sQppQ6e8A4umkXxhHivbbpem78TQvYNGRXvaAI5g=="
		},
		"focus-trap": {
			"version": "3.0.0",
			"resolved": "https://registry.npmjs.org/focus-trap/-/focus-trap-3.0.0.tgz",
			"integrity": "sha512-jTFblf0tLWbleGjj2JZsAKbgtZTdL1uC48L8FcmSDl4c2vDoU4NycN1kgV5vJhuq1mxNFkw7uWZ1JAGlINWvyw==",
			"requires": {
				"tabbable": "^3.1.0",
				"xtend": "^4.0.1"
			}
		},
		"tabbable": {
			"version": "3.1.0",
			"resolved": "https://registry.npmjs.org/tabbable/-/tabbable-3.1.0.tgz",
			"integrity": "sha512-W+w8dbSbQiuhMQhJbgtSn7ksg1Z+Z0UQq0WpDuYUrXjqie2bkMTfXRhdKtyQ8lRbppDWFoQf+S3T+OBGxoEPUA=="
		},
		"xtend": {
			"version": "4.0.1",
			"resolved": "https://registry.npmjs.org/xtend/-/xtend-4.0.1.tgz",
			"integrity": "sha1-pcbVMr5lbiPbgg77lDofBJmNY68="
		}
	}
}
