{
  "requires": true,
  "lockfileVersion": 1,
  "dependencies": {
    "focus-trap": {
      "version": "3.0.0",
      "resolved": "https://registry.npmjs.org/focus-trap/-/focus-trap-3.0.0.tgz",
      "integrity": "sha512-jTFblf0tLWbleGjj2JZsAKbgtZTdL1uC48L8FcmSDl4c2vDoU4NycN1kgV5vJhuq1mxNFkw7uWZ1JAGlINWvyw==",
      "requires": {
        "tabbable": "^3.1.0",
        "xtend": "^4.0.1"
      }
    },
    "tabbable": {
      "version": "3.1.0",
      "resolved": "https://registry.npmjs.org/tabbable/-/tabbable-3.1.0.tgz",
      "integrity": "sha512-W+w8dbSbQiuhMQhJbgtSn7ksg1Z+Z0UQq0WpDuYUrXjqie2bkMTfXRhdKtyQ8lRbppDWFoQf+S3T+OBGxoEPUA=="
    },
    "xtend": {
      "version": "4.0.1",
      "resolved": "https://registry.npmjs.org/xtend/-/xtend-4.0.1.tgz",
      "integrity": "sha1-pcbVMr5lbiPbgg77lDofBJmNY68="
    }
  }
}
