{
  "name": "@material/list",
  "version": "0.41.0",
  "lockfileVersion": 1,
  "requires": true,
  "dependencies": {
    "@material/base": {
      "version": "0.41.0"
    },
    "@material/dom": {
      "version": "0.41.0"
    },
    "@material/ripple": {
      "version": "0.41.0",
      "requires": {
        "@material/animation": "^0.41.0",
        "@material/base": "^0.41.0",
        "@material/theme": "^0.41.0"
      },
      "dependencies": {
        "@material/animation": {
          "version": "0.41.0",
          "bundled": true
        },
        "@material/base": {
          "version": "0.41.0",
          "bundled": true
        },
        "@material/theme": {
          "version": "0.41.0",
          "bundled": true
        }
      }
    },
    "@material/rtl": {
      "version": "0.40.1"
    },
    "@material/shape": {
      "version": "0.41.0"
    },
    "@material/theme": {
      "version": "0.41.0"
    },
    "@material/typography": {
      "version": "0.41.0"
    }
  }
}
