{
  "name": "@material/tabz",
  "version": "0.30.0",
  "lockfileVersion": 1,
  "requires": true,
  "dependencies": {
    "@material/animation": {
      "version": "0.25.0",
      "resolved": "https://registry.npmjs.org/@material/animation/-/animation-0.25.0.tgz",
      "integrity": "sha512-4RzlpMwJtMnQ3/rNf4zpG9qnoQcCkYiRs6U515MRQzv7qFl1eCZx3U3dGaUu7UVf3Hwx4RskUB/fBxGc0b61CQ=="
    },
    "@material/base": {
      "version": "0.29.0",
      "resolved": "https://registry.npmjs.org/@material/base/-/base-0.29.0.tgz",
      "integrity": "sha512-5jgaxI0x18JWb7orFPNm+on3Oe1o0RUgrh/xSpuJ4U4rEwMmC94rOMdacllaenmUuLq1DRPE7UeGOzfWfZf3bQ=="
    },
    "@material/ripple": {
      "version": "0.30.0",
      "resolved": "https://registry.npmjs.org/@material/ripple/-/ripple-0.30.0.tgz",
      "integrity": "sha512-4yxTolmgrLVcWbGbk5neBl29h0i9O3gHd+8WgS/ox8m7sahd4saI7iClCOU83G+lx+Pgc6gYgDBcbLhfhhH5mA==",
      "requires": {
        "@material/base": "0.29.0",
        "@material/theme": "0.30.0"
      }
    },
    "@material/rtl": {
      "version": "0.30.0",
      "resolved": "https://registry.npmjs.org/@material/rtl/-/rtl-0.30.0.tgz",
      "integrity": "sha512-zxEiXFESaQvNNm+tHO0QVKxkGERkL6rX4ghusl7HhosueOcjaVLNYCxH5F0x6Et04TL0wh1ycBmFUIEqVhEkWw=="
    },
    "@material/theme": {
      "version": "0.30.0",
      "resolved": "https://registry.npmjs.org/@material/theme/-/theme-0.30.0.tgz",
      "integrity": "sha512-jd1iC5qyq5YX4w8sZj9+lXExeK4adXbAjw/lOQuDeT6WSGJf7HovxQlHjlyWJ4p/x0xTGrlaDHnrCxeJQCq4Og=="
    },
    "@material/typography": {
      "version": "0.28.0",
      "resolved": "https://registry.npmjs.org/@material/typography/-/typography-0.28.0.tgz",
      "integrity": "sha512-Cz8XxO/bocChQAM87xTAN9CM31Q04FgW0N4lSQWyha2PAK/LdtfjjWFPZWNZKyQbZJBNjINbE3/PqMnWDTd4cQ=="
    }
  }
}
