{
  "requires": true,
  "lockfileVersion": 1,
  "dependencies": {
    "@material/rtl": {
      "version": "0.30.0",
      "resolved": "https://registry.npmjs.org/@material/rtl/-/rtl-0.30.0.tgz",
      "integrity": "sha512-zxEiXFESaQvNNm+tHO0QVKxkGERkL6rX4ghusl7HhosueOcjaVLNYCxH5F0x6Et04TL0wh1ycBmFUIEqVhEkWw=="
    },
    "@material/theme": {
      "version": "0.30.0",
      "resolved": "https://registry.npmjs.org/@material/theme/-/theme-0.30.0.tgz",
      "integrity": "sha512-jd1iC5qyq5YX4w8sZj9+lXExeK4adXbAjw/lOQuDeT6WSGJf7HovxQlHjlyWJ4p/x0xTGrlaDHnrCxeJQCq4Og=="
    }
  }
}
