{
  "name": "@material/image-list",
  "version": "5.1.0",
  "lockfileVersion": 1,
  "requires": true,
  "dependencies": {
    "@material/feature-targeting": {
      "version": "5.1.0"
    },
    "@material/shape": {
      "version": "5.1.0",
      "requires": {
        "@material/feature-targeting": "^5.1.0",
        "@material/rtl": "^5.1.0"
      },
      "dependencies": {
        "@material/feature-targeting": {
          "version": "5.1.0"
        },
        "@material/rtl": {
          "version": "5.1.0"
        }
      }
    },
    "@material/theme": {
      "version": "5.1.0",
      "requires": {
        "@material/feature-targeting": "^5.1.0"
      },
      "dependencies": {
        "@material/feature-targeting": {
          "version": "5.1.0"
        }
      }
    },
    "@material/typography": {
      "version": "5.1.0",
      "requires": {
        "@material/feature-targeting": "^5.1.0",
        "@material/theme": "^5.1.0"
      },
      "dependencies": {
        "@material/feature-targeting": {
          "version": "5.1.0"
        },
        "@material/theme": {
          "version": "5.1.0",
          "requires": {
            "@material/feature-targeting": "^5.1.0"
          },
          "dependencies": {
            "@material/feature-targeting": {
              "version": "5.1.0"
            }
          }
        }
      }
    }
  }
}
