{
  "name": "@material/button",
  "version": "5.1.0",
  "lockfileVersion": 1,
  "requires": true,
  "dependencies": {
    "@material/density": {
      "version": "5.1.0"
    },
    "@material/elevation": {
      "version": "5.1.0",
      "requires": {
        "@material/animation": "^5.1.0",
        "@material/base": "^5.1.0",
        "@material/feature-targeting": "^5.1.0",
        "@material/theme": "^5.1.0"
      },
      "dependencies": {
        "@material/animation": {
          "version": "5.1.0",
          "requires": {
            "tslib": "^1.9.3"
          },
          "dependencies": {
            "tslib": {
              "version": "1.9.3",
              "resolved": "https://registry.npmjs.org/tslib/-/tslib-1.9.3.tgz",
              "integrity": "sha512-4krF8scpejhaOgqzBEcGM7yDIEfi0/8+8zDRZhNZZ2kjmHJ4hv3zCbQWxoJGz1iw5U0Jl0nma13xzHXcncMavQ=="
            }
          }
        },
        "@material/base": {
          "version": "5.1.0",
          "requires": {
            "tslib": "^1.9.3"
          },
          "dependencies": {
            "tslib": {
              "version": "1.9.3",
              "resolved": "https://registry.npmjs.org/tslib/-/tslib-1.9.3.tgz",
              "integrity": "sha512-4krF8scpejhaOgqzBEcGM7yDIEfi0/8+8zDRZhNZZ2kjmHJ4hv3zCbQWxoJGz1iw5U0Jl0nma13xzHXcncMavQ=="
            }
          }
        },
        "@material/feature-targeting": {
          "version": "5.1.0"
        },
        "@material/theme": {
          "version": "5.1.0",
          "requires": {
            "@material/feature-targeting": "^5.1.0"
          },
          "dependencies": {
            "@material/feature-targeting": {
              "version": "5.1.0"
            }
          }
        }
      }
    },
    "@material/feature-targeting": {
      "version": "5.1.0"
    },
    "@material/ripple": {
      "version": "5.1.0",
      "requires": {
        "@material/animation": "^5.1.0",
        "@material/base": "^5.1.0",
        "@material/dom": "^5.1.0",
        "@material/feature-targeting": "^5.1.0",
        "@material/theme": "^5.1.0",
        "tslib": "^1.9.3"
      },
      "dependencies": {
        "@material/animation": {
          "version": "5.1.0",
          "requires": {
            "tslib": "^1.9.3"
          },
          "dependencies": {
            "tslib": {
              "version": "1.9.3",
              "resolved": "https://registry.npmjs.org/tslib/-/tslib-1.9.3.tgz",
              "integrity": "sha512-4krF8scpejhaOgqzBEcGM7yDIEfi0/8+8zDRZhNZZ2kjmHJ4hv3zCbQWxoJGz1iw5U0Jl0nma13xzHXcncMavQ=="
            }
          }
        },
        "@material/base": {
          "version": "5.1.0",
          "requires": {
            "tslib": "^1.9.3"
          },
          "dependencies": {
            "tslib": {
              "version": "1.9.3",
              "resolved": "https://registry.npmjs.org/tslib/-/tslib-1.9.3.tgz",
              "integrity": "sha512-4krF8scpejhaOgqzBEcGM7yDIEfi0/8+8zDRZhNZZ2kjmHJ4hv3zCbQWxoJGz1iw5U0Jl0nma13xzHXcncMavQ=="
            }
          }
        },
        "@material/dom": {
          "version": "5.1.0",
          "requires": {
            "tslib": "^1.9.3"
          },
          "dependencies": {
            "tslib": {
              "version": "1.9.3",
              "resolved": "https://registry.npmjs.org/tslib/-/tslib-1.9.3.tgz",
              "integrity": "sha512-4krF8scpejhaOgqzBEcGM7yDIEfi0/8+8zDRZhNZZ2kjmHJ4hv3zCbQWxoJGz1iw5U0Jl0nma13xzHXcncMavQ=="
            }
          }
        },
        "@material/feature-targeting": {
          "version": "5.1.0"
        },
        "@material/theme": {
          "version": "5.1.0",
          "requires": {
            "@material/feature-targeting": "^5.1.0"
          },
          "dependencies": {
            "@material/feature-targeting": {
              "version": "5.1.0"
            }
          }
        },
        "tslib": {
          "version": "1.9.3",
          "resolved": "https://registry.npmjs.org/tslib/-/tslib-1.9.3.tgz",
          "integrity": "sha512-4krF8scpejhaOgqzBEcGM7yDIEfi0/8+8zDRZhNZZ2kjmHJ4hv3zCbQWxoJGz1iw5U0Jl0nma13xzHXcncMavQ=="
        }
      }
    },
    "@material/rtl": {
      "version": "5.1.0"
    },
    "@material/shape": {
      "version": "5.1.0",
      "requires": {
        "@material/feature-targeting": "^5.1.0",
        "@material/rtl": "^5.1.0"
      },
      "dependencies": {
        "@material/feature-targeting": {
          "version": "5.1.0"
        },
        "@material/rtl": {
          "version": "5.1.0"
        }
      }
    },
    "@material/theme": {
      "version": "5.1.0",
      "requires": {
        "@material/feature-targeting": "^5.1.0"
      },
      "dependencies": {
        "@material/feature-targeting": {
          "version": "5.1.0"
        }
      }
    },
    "@material/touch-target": {
      "version": "5.1.0",
      "requires": {
        "@material/base": "^5.1.0",
        "@material/feature-targeting": "^5.1.0"
      },
      "dependencies": {
        "@material/base": {
          "version": "5.1.0",
          "requires": {
            "tslib": "^1.9.3"
          },
          "dependencies": {
            "tslib": {
              "version": "1.9.3",
              "resolved": "https://registry.npmjs.org/tslib/-/tslib-1.9.3.tgz",
              "integrity": "sha512-4krF8scpejhaOgqzBEcGM7yDIEfi0/8+8zDRZhNZZ2kjmHJ4hv3zCbQWxoJGz1iw5U0Jl0nma13xzHXcncMavQ=="
            }
          }
        },
        "@material/feature-targeting": {
          "version": "5.1.0"
        }
      }
    },
    "@material/typography": {
      "version": "5.1.0",
      "requires": {
        "@material/feature-targeting": "^5.1.0",
        "@material/theme": "^5.1.0"
      },
      "dependencies": {
        "@material/feature-targeting": {
          "version": "5.1.0"
        },
        "@material/theme": {
          "version": "5.1.0",
          "requires": {
            "@material/feature-targeting": "^5.1.0"
          },
          "dependencies": {
            "@material/feature-targeting": {
              "version": "5.1.0"
            }
          }
        }
      }
    }
  }
}
