{
  "name": "@material/dialog",
  "version": "0.39.3",
  "lockfileVersion": 1,
  "requires": true,
  "dependencies": {
    "@material/animation": {
      "version": "0.39.0"
    },
    "@material/base": {
      "version": "0.39.0"
    },
    "@material/dom": {
      "version": "0.0.0"
    },
    "@material/elevation": {
      "version": "0.39.1",
      "requires": {
        "@material/animation": "^0.39.0",
        "@material/theme": "^0.39.1"
      },
      "dependencies": {
        "@material/animation": {
          "version": "0.39.0",
          "bundled": true
        },
        "@material/theme": {
          "version": "0.39.1",
          "bundled": true
        }
      }
    },
    "@material/ripple": {
      "version": "0.39.3",
      "requires": {
        "@material/animation": "^0.39.0",
        "@material/base": "^0.39.0",
        "@material/theme": "^0.39.1"
      },
      "dependencies": {
        "@material/animation": {
          "version": "0.39.0",
          "bundled": true
        },
        "@material/base": {
          "version": "0.39.0",
          "bundled": true
        },
        "@material/theme": {
          "version": "0.39.1",
          "bundled": true
        }
      }
    },
    "@material/rtl": {
      "version": "0.39.1"
    },
    "@material/theme": {
      "version": "0.39.1"
    },
    "@material/typography": {
      "version": "0.39.0"
    },
    "focus-trap": {
      "version": "2.4.3",
      "resolved": "https://registry.npmjs.org/focus-trap/-/focus-trap-2.4.3.tgz",
      "integrity": "sha512-sT5Ip9nyAIxWq8Apt1Fdv6yTci5GotaOtO5Ro1/+F3PizttNBcCYz8j/Qze54PPFK73KUbOqh++HUCiyNPqvhA==",
      "requires": {
        "tabbable": "^1.0.3"
      }
    },
    "tabbable": {
      "version": "1.1.2",
      "resolved": "https://registry.npmjs.org/tabbable/-/tabbable-1.1.2.tgz",
      "integrity": "sha512-77oqsKEPrxIwgRcXUwipkj9W5ItO97L6eUT1Ar7vh+El16Zm4M6V+YU1cbipHEa6q0Yjw8O3Hoh8oRgatV5s7A=="
    }
  }
}
