{
  "name": "@material/top-app-bar",
  "version": "0.0.0",
  "lockfileVersion": 1,
  "requires": true,
  "dependencies": {
    "@material/rtl": {
      "version": "0.29.0",
      "resolved": "https://registry.npmjs.org/@material/rtl/-/rtl-0.29.0.tgz",
      "integrity": "sha512-4go3wsBIFvwZv0WeMhX0b7a3jKfL3tDkLKes/uLz/cnYmR5uVVM4v6rYE0Fia0FtRBIx3qsBCuVijAbzsQ/mNg=="
    },
    "@material/theme": {
      "version": "0.29.0",
      "resolved": "https://registry.npmjs.org/@material/theme/-/theme-0.29.0.tgz",
      "integrity": "sha512-jehYxuib+zvz5cH6U0Z6SzwfGBhzdFxtqnLBFzKZEmDGyDfUjZeMfDhO0Au8h6BpOyvKZHboufVTMVbdXY10RA=="
    }
  }
}
