{
  "name": "@material/top-app-bar",
  "version": "0.0.0",
  "lockfileVersion": 1,
  "requires": true,
  "dependencies": {
    "@material/base": {
      "version": "0.29.0"
    },
    "@material/elevation": {
      "version": "0.28.0",
      "requires": {
        "@material/animation": "0.25.0",
        "@material/theme": "0.4.0"
      },
      "dependencies": {
        "@material/animation": {
          "version": "0.25.0",
          "bundled": true
        },
        "@material/theme": {
          "version": "0.4.0",
          "bundled": true
        }
      }
    },
    "@material/rtl": {
      "version": "0.29.0",
      "resolved": "https://registry.npmjs.org/@material/rtl/-/rtl-0.29.0.tgz",
      "integrity": "sha512-4go3wsBIFvwZv0WeMhX0b7a3jKfL3tDkLKes/uLz/cnYmR5uVVM4v6rYE0Fia0FtRBIx3qsBCuVijAbzsQ/mNg=="
    },
    "@material/theme": {
      "version": "0.29.0",
      "resolved": "https://registry.npmjs.org/@material/theme/-/theme-0.29.0.tgz",
      "integrity": "sha512-jehYxuib+zvz5cH6U0Z6SzwfGBhzdFxtqnLBFzKZEmDGyDfUjZeMfDhO0Au8h6BpOyvKZHboufVTMVbdXY10RA=="
    },
    "@material/typography": {
      "version": "0.28.0"
    }
  }
}
